
Microsoft Visual Studio Solution File, Format Version 12.00
# Visual Studio Version 16
VisualStudioVersion = 16.0.32630.194
MinimumVisualStudioVersion = 10.0.40219.1
Project("{FAE04EC0-301F-11D3-BF4B-00C04F79EFBC}") = "IEnumerable_linqDemo", "IEnumerable_linqDemo.csproj", "{D06DD184-94CE-4539-850F-D81C7F88DF49}"
EndProject
Global
	GlobalSection(SolutionConfigurationPlatforms) = preSolution
		Debug|Any CPU = Debug|Any CPU
		Release|Any CPU = Release|Any CPU
	EndGlobalSection
	GlobalSection(ProjectConfigurationPlatforms) = postSolution
		{D06DD184-94CE-4539-850F-D81C7F88DF49}.Debug|Any CPU.ActiveCfg = Debug|Any CPU
		{D06DD184-94CE-4539-850F-D81C7F88DF49}.Debug|Any CPU.Build.0 = Debug|Any CPU
		{D06DD184-94CE-4539-850F-D81C7F88DF49}.Release|Any CPU.ActiveCfg = Release|Any CPU
		{D06DD184-94CE-4539-850F-D81C7F88DF49}.Release|Any CPU.Build.0 = Release|Any CPU
	EndGlobalSection
	GlobalSection(SolutionProperties) = preSolution
		HideSolutionNode = FALSE
	EndGlobalSection
	GlobalSection(ExtensibilityGlobals) = postSolution
		SolutionGuid = {41832C8B-636A-4345-876F-A44339F122E5}
	EndGlobalSection
EndGlobal
