
Microsoft Visual Studio Solution File, Format Version 12.00
# Visual Studio Version 16
VisualStudioVersion = 16.0.32630.194
MinimumVisualStudioVersion = 10.0.40219.1
Project("{FAE04EC0-301F-11D3-BF4B-00C04F79EFBC}") = "WebApplication1", "WebApplication1.csproj", "{2B509EF5-B87D-4F6F-953C-BC631808D942}"
EndProject
Global
	GlobalSection(SolutionConfigurationPlatforms) = preSolution
		Debug|Any CPU = Debug|Any CPU
		Release|Any CPU = Release|Any CPU
	EndGlobalSection
	GlobalSection(ProjectConfigurationPlatforms) = postSolution
		{2B509EF5-B87D-4F6F-953C-BC631808D942}.Debug|Any CPU.ActiveCfg = Debug|Any CPU
		{2B509EF5-B87D-4F6F-953C-BC631808D942}.Debug|Any CPU.Build.0 = Debug|Any CPU
		{2B509EF5-B87D-4F6F-953C-BC631808D942}.Release|Any CPU.ActiveCfg = Release|Any CPU
		{2B509EF5-B87D-4F6F-953C-BC631808D942}.Release|Any CPU.Build.0 = Release|Any CPU
	EndGlobalSection
	GlobalSection(SolutionProperties) = preSolution
		HideSolutionNode = FALSE
	EndGlobalSection
	GlobalSection(ExtensibilityGlobals) = postSolution
		SolutionGuid = {6B965344-A04A-4BF7-BB38-D8AC98AEBAB4}
	EndGlobalSection
EndGlobal
