
Microsoft Visual Studio Solution File, Format Version 12.00
# Visual Studio Version 16
VisualStudioVersion = 16.0.32630.194
MinimumVisualStudioVersion = 10.0.40219.1
Project("{FAE04EC0-301F-11D3-BF4B-00C04F79EFBC}") = "ShivaTask", "ShivaTask.csproj", "{C1EA19F4-EC78-46F2-9593-DF452009AD9A}"
EndProject
Project("{FAE04EC0-301F-11D3-BF4B-00C04F79EFBC}") = "MVC", "..\MVC\MVC.csproj", "{72A70CD1-3371-4DD1-9FA7-049AD73243F2}"
EndProject
Global
	GlobalSection(SolutionConfigurationPlatforms) = preSolution
		Debug|Any CPU = Debug|Any CPU
		Release|Any CPU = Release|Any CPU
	EndGlobalSection
	GlobalSection(ProjectConfigurationPlatforms) = postSolution
		{C1EA19F4-EC78-46F2-9593-DF452009AD9A}.Debug|Any CPU.ActiveCfg = Debug|Any CPU
		{C1EA19F4-EC78-46F2-9593-DF452009AD9A}.Debug|Any CPU.Build.0 = Debug|Any CPU
		{C1EA19F4-EC78-46F2-9593-DF452009AD9A}.Release|Any CPU.ActiveCfg = Release|Any CPU
		{C1EA19F4-EC78-46F2-9593-DF452009AD9A}.Release|Any CPU.Build.0 = Release|Any CPU
		{72A70CD1-3371-4DD1-9FA7-049AD73243F2}.Debug|Any CPU.ActiveCfg = Debug|Any CPU
		{72A70CD1-3371-4DD1-9FA7-049AD73243F2}.Debug|Any CPU.Build.0 = Debug|Any CPU
		{72A70CD1-3371-4DD1-9FA7-049AD73243F2}.Release|Any CPU.ActiveCfg = Release|Any CPU
		{72A70CD1-3371-4DD1-9FA7-049AD73243F2}.Release|Any CPU.Build.0 = Release|Any CPU
	EndGlobalSection
	GlobalSection(SolutionProperties) = preSolution
		HideSolutionNode = FALSE
	EndGlobalSection
	GlobalSection(ExtensibilityGlobals) = postSolution
		SolutionGuid = {B21ADE62-6A9F-4D02-8EDC-8131B51DC8FA}
	EndGlobalSection
EndGlobal
