
Microsoft Visual Studio Solution File, Format Version 12.00
# Visual Studio Version 16
VisualStudioVersion = 16.0.32630.194
MinimumVisualStudioVersion = 10.0.40219.1
Project("{FAE04EC0-301F-11D3-BF4B-00C04F79EFBC}") = "Assp.Net1", "Assp.Net1.csproj", "{C790CB62-D1B5-47A0-89A1-4D163E10AF0A}"
EndProject
Global
	GlobalSection(SolutionConfigurationPlatforms) = preSolution
		Debug|Any CPU = Debug|Any CPU
		Release|Any CPU = Release|Any CPU
	EndGlobalSection
	GlobalSection(ProjectConfigurationPlatforms) = postSolution
		{C790CB62-D1B5-47A0-89A1-4D163E10AF0A}.Debug|Any CPU.ActiveCfg = Debug|Any CPU
		{C790CB62-D1B5-47A0-89A1-4D163E10AF0A}.Debug|Any CPU.Build.0 = Debug|Any CPU
		{C790CB62-D1B5-47A0-89A1-4D163E10AF0A}.Release|Any CPU.ActiveCfg = Release|Any CPU
		{C790CB62-D1B5-47A0-89A1-4D163E10AF0A}.Release|Any CPU.Build.0 = Release|Any CPU
	EndGlobalSection
	GlobalSection(SolutionProperties) = preSolution
		HideSolutionNode = FALSE
	EndGlobalSection
	GlobalSection(ExtensibilityGlobals) = postSolution
		SolutionGuid = {94B5F1E4-2861-4809-A372-8611C3E6BBC5}
	EndGlobalSection
EndGlobal
