
Microsoft Visual Studio Solution File, Format Version 12.00
# Visual Studio Version 16
VisualStudioVersion = 16.0.32630.194
MinimumVisualStudioVersion = 10.0.40219.1
Project("{FAE04EC0-301F-11D3-BF4B-00C04F79EFBC}") = "ConsoleApp2", "ConsoleApp2.csproj", "{FFB9C5D8-1729-463C-8D8E-50F87FF3E6CA}"
EndProject
Global
	GlobalSection(SolutionConfigurationPlatforms) = preSolution
		Debug|Any CPU = Debug|Any CPU
		Release|Any CPU = Release|Any CPU
	EndGlobalSection
	GlobalSection(ProjectConfigurationPlatforms) = postSolution
		{FFB9C5D8-1729-463C-8D8E-50F87FF3E6CA}.Debug|Any CPU.ActiveCfg = Debug|Any CPU
		{FFB9C5D8-1729-463C-8D8E-50F87FF3E6CA}.Debug|Any CPU.Build.0 = Debug|Any CPU
		{FFB9C5D8-1729-463C-8D8E-50F87FF3E6CA}.Release|Any CPU.ActiveCfg = Release|Any CPU
		{FFB9C5D8-1729-463C-8D8E-50F87FF3E6CA}.Release|Any CPU.Build.0 = Release|Any CPU
	EndGlobalSection
	GlobalSection(SolutionProperties) = preSolution
		HideSolutionNode = FALSE
	EndGlobalSection
	GlobalSection(ExtensibilityGlobals) = postSolution
		SolutionGuid = {53065EA9-24FD-43FE-92BD-AB00F8AD7418}
	EndGlobalSection
EndGlobal
