
Microsoft Visual Studio Solution File, Format Version 12.00
# Visual Studio Version 16
VisualStudioVersion = 16.0.32630.194
MinimumVisualStudioVersion = 10.0.40219.1
Project("{FAE04EC0-301F-11D3-BF4B-00C04F79EFBC}") = "CustomException_TaskImprove", "CustomException_TaskImprove.csproj", "{02615C8A-F75B-4F46-89C7-37B93A7D50AD}"
EndProject
Global
	GlobalSection(SolutionConfigurationPlatforms) = preSolution
		Debug|Any CPU = Debug|Any CPU
		Release|Any CPU = Release|Any CPU
	EndGlobalSection
	GlobalSection(ProjectConfigurationPlatforms) = postSolution
		{02615C8A-F75B-4F46-89C7-37B93A7D50AD}.Debug|Any CPU.ActiveCfg = Debug|Any CPU
		{02615C8A-F75B-4F46-89C7-37B93A7D50AD}.Debug|Any CPU.Build.0 = Debug|Any CPU
		{02615C8A-F75B-4F46-89C7-37B93A7D50AD}.Release|Any CPU.ActiveCfg = Release|Any CPU
		{02615C8A-F75B-4F46-89C7-37B93A7D50AD}.Release|Any CPU.Build.0 = Release|Any CPU
	EndGlobalSection
	GlobalSection(SolutionProperties) = preSolution
		HideSolutionNode = FALSE
	EndGlobalSection
	GlobalSection(ExtensibilityGlobals) = postSolution
		SolutionGuid = {E96681E5-33B2-4FA7-B5B4-E026DE18F5CA}
	EndGlobalSection
EndGlobal
