
Microsoft Visual Studio Solution File, Format Version 12.00
# Visual Studio Version 16
VisualStudioVersion = 16.0.32630.194
MinimumVisualStudioVersion = 10.0.40219.1
Project("{FAE04EC0-301F-11D3-BF4B-00C04F79EFBC}") = "PresentationLayer", "PresentationLayer\PresentationLayer.csproj", "{F11A5FA0-2067-4493-A6F1-DC681C5C7C22}"
EndProject
Project("{FAE04EC0-301F-11D3-BF4B-00C04F79EFBC}") = "BusinessLogicLayer", "BusinessLogicLayer\BusinessLogicLayer.csproj", "{AD0A8BAF-6139-4DF9-8089-F8290CF575C7}"
EndProject
Project("{FAE04EC0-301F-11D3-BF4B-00C04F79EFBC}") = "DataAccessLayer", "DataAccessLayer\DataAccessLayer.csproj", "{B456C898-0EB6-4E81-91FA-48BDA45F995E}"
EndProject
Project("{FAE04EC0-301F-11D3-BF4B-00C04F79EFBC}") = "BusinessObjects", "BusinessObjects\BusinessObjects.csproj", "{C3DE0108-8C87-49A6-B788-DE4C7AD05359}"
EndProject
Global
	GlobalSection(SolutionConfigurationPlatforms) = preSolution
		Debug|Any CPU = Debug|Any CPU
		Release|Any CPU = Release|Any CPU
	EndGlobalSection
	GlobalSection(ProjectConfigurationPlatforms) = postSolution
		{F11A5FA0-2067-4493-A6F1-DC681C5C7C22}.Debug|Any CPU.ActiveCfg = Debug|Any CPU
		{F11A5FA0-2067-4493-A6F1-DC681C5C7C22}.Debug|Any CPU.Build.0 = Debug|Any CPU
		{F11A5FA0-2067-4493-A6F1-DC681C5C7C22}.Release|Any CPU.ActiveCfg = Release|Any CPU
		{F11A5FA0-2067-4493-A6F1-DC681C5C7C22}.Release|Any CPU.Build.0 = Release|Any CPU
		{AD0A8BAF-6139-4DF9-8089-F8290CF575C7}.Debug|Any CPU.ActiveCfg = Debug|Any CPU
		{AD0A8BAF-6139-4DF9-8089-F8290CF575C7}.Debug|Any CPU.Build.0 = Debug|Any CPU
		{AD0A8BAF-6139-4DF9-8089-F8290CF575C7}.Release|Any CPU.ActiveCfg = Release|Any CPU
		{AD0A8BAF-6139-4DF9-8089-F8290CF575C7}.Release|Any CPU.Build.0 = Release|Any CPU
		{B456C898-0EB6-4E81-91FA-48BDA45F995E}.Debug|Any CPU.ActiveCfg = Debug|Any CPU
		{B456C898-0EB6-4E81-91FA-48BDA45F995E}.Debug|Any CPU.Build.0 = Debug|Any CPU
		{B456C898-0EB6-4E81-91FA-48BDA45F995E}.Release|Any CPU.ActiveCfg = Release|Any CPU
		{B456C898-0EB6-4E81-91FA-48BDA45F995E}.Release|Any CPU.Build.0 = Release|Any CPU
		{C3DE0108-8C87-49A6-B788-DE4C7AD05359}.Debug|Any CPU.ActiveCfg = Debug|Any CPU
		{C3DE0108-8C87-49A6-B788-DE4C7AD05359}.Debug|Any CPU.Build.0 = Debug|Any CPU
		{C3DE0108-8C87-49A6-B788-DE4C7AD05359}.Release|Any CPU.ActiveCfg = Release|Any CPU
		{C3DE0108-8C87-49A6-B788-DE4C7AD05359}.Release|Any CPU.Build.0 = Release|Any CPU
	EndGlobalSection
	GlobalSection(SolutionProperties) = preSolution
		HideSolutionNode = FALSE
	EndGlobalSection
	GlobalSection(ExtensibilityGlobals) = postSolution
		SolutionGuid = {034CF1E7-F750-47B0-AFF7-1431F045AC2A}
	EndGlobalSection
EndGlobal
