
Microsoft Visual Studio Solution File, Format Version 12.00
# Visual Studio Version 16
VisualStudioVersion = 16.0.32630.194
MinimumVisualStudioVersion = 10.0.40219.1
Project("{FAE04EC0-301F-11D3-BF4B-00C04F79EFBC}") = "CargoPlane", "CargoPlane.csproj", "{EB54B98D-1351-43DA-9CD4-3C75EF15502A}"
EndProject
Global
	GlobalSection(SolutionConfigurationPlatforms) = preSolution
		Debug|Any CPU = Debug|Any CPU
		Release|Any CPU = Release|Any CPU
	EndGlobalSection
	GlobalSection(ProjectConfigurationPlatforms) = postSolution
		{EB54B98D-1351-43DA-9CD4-3C75EF15502A}.Debug|Any CPU.ActiveCfg = Debug|Any CPU
		{EB54B98D-1351-43DA-9CD4-3C75EF15502A}.Debug|Any CPU.Build.0 = Debug|Any CPU
		{EB54B98D-1351-43DA-9CD4-3C75EF15502A}.Release|Any CPU.ActiveCfg = Release|Any CPU
		{EB54B98D-1351-43DA-9CD4-3C75EF15502A}.Release|Any CPU.Build.0 = Release|Any CPU
	EndGlobalSection
	GlobalSection(SolutionProperties) = preSolution
		HideSolutionNode = FALSE
	EndGlobalSection
	GlobalSection(ExtensibilityGlobals) = postSolution
		SolutionGuid = {AEE6A9D6-92CD-4058-8D12-5A431244BDD4}
	EndGlobalSection
EndGlobal
