
Microsoft Visual Studio Solution File, Format Version 12.00
# Visual Studio Version 16
VisualStudioVersion = 16.0.32630.194
MinimumVisualStudioVersion = 10.0.40219.1
Project("{FAE04EC0-301F-11D3-BF4B-00C04F79EFBC}") = "WebApi", "WebApi.csproj", "{F632DA33-64FB-4243-925F-3BB22DE81C15}"
EndProject
Global
	GlobalSection(SolutionConfigurationPlatforms) = preSolution
		Debug|Any CPU = Debug|Any CPU
		Release|Any CPU = Release|Any CPU
	EndGlobalSection
	GlobalSection(ProjectConfigurationPlatforms) = postSolution
		{F632DA33-64FB-4243-925F-3BB22DE81C15}.Debug|Any CPU.ActiveCfg = Debug|Any CPU
		{F632DA33-64FB-4243-925F-3BB22DE81C15}.Debug|Any CPU.Build.0 = Debug|Any CPU
		{F632DA33-64FB-4243-925F-3BB22DE81C15}.Release|Any CPU.ActiveCfg = Release|Any CPU
		{F632DA33-64FB-4243-925F-3BB22DE81C15}.Release|Any CPU.Build.0 = Release|Any CPU
	EndGlobalSection
	GlobalSection(SolutionProperties) = preSolution
		HideSolutionNode = FALSE
	EndGlobalSection
	GlobalSection(ExtensibilityGlobals) = postSolution
		SolutionGuid = {7E0CAF72-2EA1-4111-8080-428E98B43B12}
	EndGlobalSection
EndGlobal
