
Microsoft Visual Studio Solution File, Format Version 12.00
# Visual Studio Version 16
VisualStudioVersion = 16.0.32630.194
MinimumVisualStudioVersion = 10.0.40219.1
Project("{FAE04EC0-301F-11D3-BF4B-00C04F79EFBC}") = "NonGenericHashTable", "NonGenericHashTable.csproj", "{8BD1C65D-0805-4AF7-88B7-7F0951A1D356}"
EndProject
Global
	GlobalSection(SolutionConfigurationPlatforms) = preSolution
		Debug|Any CPU = Debug|Any CPU
		Release|Any CPU = Release|Any CPU
	EndGlobalSection
	GlobalSection(ProjectConfigurationPlatforms) = postSolution
		{8BD1C65D-0805-4AF7-88B7-7F0951A1D356}.Debug|Any CPU.ActiveCfg = Debug|Any CPU
		{8BD1C65D-0805-4AF7-88B7-7F0951A1D356}.Debug|Any CPU.Build.0 = Debug|Any CPU
		{8BD1C65D-0805-4AF7-88B7-7F0951A1D356}.Release|Any CPU.ActiveCfg = Release|Any CPU
		{8BD1C65D-0805-4AF7-88B7-7F0951A1D356}.Release|Any CPU.Build.0 = Release|Any CPU
	EndGlobalSection
	GlobalSection(SolutionProperties) = preSolution
		HideSolutionNode = FALSE
	EndGlobalSection
	GlobalSection(ExtensibilityGlobals) = postSolution
		SolutionGuid = {835508C2-35C5-472B-952D-1EE99C1FF845}
	EndGlobalSection
EndGlobal
