
Microsoft Visual Studio Solution File, Format Version 12.00
# Visual Studio Version 16
VisualStudioVersion = 16.0.32630.194
MinimumVisualStudioVersion = 10.0.40219.1
Project("{FAE04EC0-301F-11D3-BF4B-00C04F79EFBC}") = "Task1", "Task1.csproj", "{7DC8CE65-FB6A-4B47-9249-6BA288A0DC7C}"
EndProject
Global
	GlobalSection(SolutionConfigurationPlatforms) = preSolution
		Debug|Any CPU = Debug|Any CPU
		Release|Any CPU = Release|Any CPU
	EndGlobalSection
	GlobalSection(ProjectConfigurationPlatforms) = postSolution
		{7DC8CE65-FB6A-4B47-9249-6BA288A0DC7C}.Debug|Any CPU.ActiveCfg = Debug|Any CPU
		{7DC8CE65-FB6A-4B47-9249-6BA288A0DC7C}.Debug|Any CPU.Build.0 = Debug|Any CPU
		{7DC8CE65-FB6A-4B47-9249-6BA288A0DC7C}.Release|Any CPU.ActiveCfg = Release|Any CPU
		{7DC8CE65-FB6A-4B47-9249-6BA288A0DC7C}.Release|Any CPU.Build.0 = Release|Any CPU
	EndGlobalSection
	GlobalSection(SolutionProperties) = preSolution
		HideSolutionNode = FALSE
	EndGlobalSection
	GlobalSection(ExtensibilityGlobals) = postSolution
		SolutionGuid = {DA781BAC-DAFE-462F-B69A-852E5914F534}
	EndGlobalSection
EndGlobal
