
Microsoft Visual Studio Solution File, Format Version 12.00
# Visual Studio Version 16
VisualStudioVersion = 16.0.32630.194
MinimumVisualStudioVersion = 10.0.40219.1
Project("{FAE04EC0-301F-11D3-BF4B-00C04F79EFBC}") = "OOPS_Task", "OOPS_Task.csproj", "{D24E48D3-CBFD-498D-BA7F-6F12C415B315}"
EndProject
Global
	GlobalSection(SolutionConfigurationPlatforms) = preSolution
		Debug|Any CPU = Debug|Any CPU
		Release|Any CPU = Release|Any CPU
	EndGlobalSection
	GlobalSection(ProjectConfigurationPlatforms) = postSolution
		{D24E48D3-CBFD-498D-BA7F-6F12C415B315}.Debug|Any CPU.ActiveCfg = Debug|Any CPU
		{D24E48D3-CBFD-498D-BA7F-6F12C415B315}.Debug|Any CPU.Build.0 = Debug|Any CPU
		{D24E48D3-CBFD-498D-BA7F-6F12C415B315}.Release|Any CPU.ActiveCfg = Release|Any CPU
		{D24E48D3-CBFD-498D-BA7F-6F12C415B315}.Release|Any CPU.Build.0 = Release|Any CPU
	EndGlobalSection
	GlobalSection(SolutionProperties) = preSolution
		HideSolutionNode = FALSE
	EndGlobalSection
	GlobalSection(ExtensibilityGlobals) = postSolution
		SolutionGuid = {3029D6AA-1C22-4E8B-A091-B6A23357ED55}
	EndGlobalSection
EndGlobal
