
Microsoft Visual Studio Solution File, Format Version 12.00
# Visual Studio Version 16
VisualStudioVersion = 16.0.32630.194
MinimumVisualStudioVersion = 10.0.40219.1
Project("{FAE04EC0-301F-11D3-BF4B-00C04F79EFBC}") = "Genericstack", "Genericstack.csproj", "{CF0B3F14-8416-4EE1-86C4-697C61CE8BE1}"
EndProject
Global
	GlobalSection(SolutionConfigurationPlatforms) = preSolution
		Debug|Any CPU = Debug|Any CPU
		Release|Any CPU = Release|Any CPU
	EndGlobalSection
	GlobalSection(ProjectConfigurationPlatforms) = postSolution
		{CF0B3F14-8416-4EE1-86C4-697C61CE8BE1}.Debug|Any CPU.ActiveCfg = Debug|Any CPU
		{CF0B3F14-8416-4EE1-86C4-697C61CE8BE1}.Debug|Any CPU.Build.0 = Debug|Any CPU
		{CF0B3F14-8416-4EE1-86C4-697C61CE8BE1}.Release|Any CPU.ActiveCfg = Release|Any CPU
		{CF0B3F14-8416-4EE1-86C4-697C61CE8BE1}.Release|Any CPU.Build.0 = Release|Any CPU
	EndGlobalSection
	GlobalSection(SolutionProperties) = preSolution
		HideSolutionNode = FALSE
	EndGlobalSection
	GlobalSection(ExtensibilityGlobals) = postSolution
		SolutionGuid = {B1C14F74-91B5-46C2-A645-8DDFC1F642D7}
	EndGlobalSection
EndGlobal
