
Microsoft Visual Studio Solution File, Format Version 12.00
# Visual Studio Version 16
VisualStudioVersion = 16.0.32630.194
MinimumVisualStudioVersion = 10.0.40219.1
Project("{FAE04EC0-301F-11D3-BF4B-00C04F79EFBC}") = "Mvc2_Day2", "Mvc2_Day2.csproj", "{8083EF9E-7CF3-4A44-8026-01BDF51DF47C}"
EndProject
Global
	GlobalSection(SolutionConfigurationPlatforms) = preSolution
		Debug|Any CPU = Debug|Any CPU
		Release|Any CPU = Release|Any CPU
	EndGlobalSection
	GlobalSection(ProjectConfigurationPlatforms) = postSolution
		{8083EF9E-7CF3-4A44-8026-01BDF51DF47C}.Debug|Any CPU.ActiveCfg = Debug|Any CPU
		{8083EF9E-7CF3-4A44-8026-01BDF51DF47C}.Debug|Any CPU.Build.0 = Debug|Any CPU
		{8083EF9E-7CF3-4A44-8026-01BDF51DF47C}.Release|Any CPU.ActiveCfg = Release|Any CPU
		{8083EF9E-7CF3-4A44-8026-01BDF51DF47C}.Release|Any CPU.Build.0 = Release|Any CPU
	EndGlobalSection
	GlobalSection(SolutionProperties) = preSolution
		HideSolutionNode = FALSE
	EndGlobalSection
	GlobalSection(ExtensibilityGlobals) = postSolution
		SolutionGuid = {0F3366FB-4A25-497F-B9C0-EC293A021597}
	EndGlobalSection
EndGlobal
