
Microsoft Visual Studio Solution File, Format Version 12.00
# Visual Studio Version 16
VisualStudioVersion = 16.0.32630.194
MinimumVisualStudioVersion = 10.0.40219.1
Project("{FAE04EC0-301F-11D3-BF4B-00C04F79EFBC}") = "StockManagementSystem", "StockManagementSystem.csproj", "{543D3D9C-37DD-4723-B808-1CDE23763898}"
EndProject
Global
	GlobalSection(SolutionConfigurationPlatforms) = preSolution
		Debug|Any CPU = Debug|Any CPU
		Release|Any CPU = Release|Any CPU
	EndGlobalSection
	GlobalSection(ProjectConfigurationPlatforms) = postSolution
		{543D3D9C-37DD-4723-B808-1CDE23763898}.Debug|Any CPU.ActiveCfg = Debug|Any CPU
		{543D3D9C-37DD-4723-B808-1CDE23763898}.Debug|Any CPU.Build.0 = Debug|Any CPU
		{543D3D9C-37DD-4723-B808-1CDE23763898}.Release|Any CPU.ActiveCfg = Release|Any CPU
		{543D3D9C-37DD-4723-B808-1CDE23763898}.Release|Any CPU.Build.0 = Release|Any CPU
	EndGlobalSection
	GlobalSection(SolutionProperties) = preSolution
		HideSolutionNode = FALSE
	EndGlobalSection
	GlobalSection(ExtensibilityGlobals) = postSolution
		SolutionGuid = {EEB05A71-C237-4ADD-B4E2-2EDCB247573F}
	EndGlobalSection
EndGlobal
