
Microsoft Visual Studio Solution File, Format Version 12.00
# Visual Studio Version 16
VisualStudioVersion = 16.0.32630.194
MinimumVisualStudioVersion = 10.0.40219.1
Project("{FAE04EC0-301F-11D3-BF4B-00C04F79EFBC}") = "Anonymous", "Anonymous.csproj", "{0783F5D7-7CDA-402F-9F3B-183F0B3D8432}"
EndProject
Global
	GlobalSection(SolutionConfigurationPlatforms) = preSolution
		Debug|Any CPU = Debug|Any CPU
		Release|Any CPU = Release|Any CPU
	EndGlobalSection
	GlobalSection(ProjectConfigurationPlatforms) = postSolution
		{0783F5D7-7CDA-402F-9F3B-183F0B3D8432}.Debug|Any CPU.ActiveCfg = Debug|Any CPU
		{0783F5D7-7CDA-402F-9F3B-183F0B3D8432}.Debug|Any CPU.Build.0 = Debug|Any CPU
		{0783F5D7-7CDA-402F-9F3B-183F0B3D8432}.Release|Any CPU.ActiveCfg = Release|Any CPU
		{0783F5D7-7CDA-402F-9F3B-183F0B3D8432}.Release|Any CPU.Build.0 = Release|Any CPU
	EndGlobalSection
	GlobalSection(SolutionProperties) = preSolution
		HideSolutionNode = FALSE
	EndGlobalSection
	GlobalSection(ExtensibilityGlobals) = postSolution
		SolutionGuid = {91AB1FBB-CA8E-4464-8B63-1D4FA8404559}
	EndGlobalSection
EndGlobal
