
Microsoft Visual Studio Solution File, Format Version 12.00
# Visual Studio Version 16
VisualStudioVersion = 16.0.32630.194
MinimumVisualStudioVersion = 10.0.40219.1
Project("{FAE04EC0-301F-11D3-BF4B-00C04F79EFBC}") = "Task exception handling", "Task exception handling.csproj", "{7804B46A-CAA2-4811-9F72-40814C56DA69}"
EndProject
Global
	GlobalSection(SolutionConfigurationPlatforms) = preSolution
		Debug|Any CPU = Debug|Any CPU
		Release|Any CPU = Release|Any CPU
	EndGlobalSection
	GlobalSection(ProjectConfigurationPlatforms) = postSolution
		{7804B46A-CAA2-4811-9F72-40814C56DA69}.Debug|Any CPU.ActiveCfg = Debug|Any CPU
		{7804B46A-CAA2-4811-9F72-40814C56DA69}.Debug|Any CPU.Build.0 = Debug|Any CPU
		{7804B46A-CAA2-4811-9F72-40814C56DA69}.Release|Any CPU.ActiveCfg = Release|Any CPU
		{7804B46A-CAA2-4811-9F72-40814C56DA69}.Release|Any CPU.Build.0 = Release|Any CPU
	EndGlobalSection
	GlobalSection(SolutionProperties) = preSolution
		HideSolutionNode = FALSE
	EndGlobalSection
	GlobalSection(ExtensibilityGlobals) = postSolution
		SolutionGuid = {53492031-89CD-466C-9749-0F1B05556A77}
	EndGlobalSection
EndGlobal
