
Microsoft Visual Studio Solution File, Format Version 12.00
# Visual Studio Version 16
VisualStudioVersion = 16.0.32630.194
MinimumVisualStudioVersion = 10.0.40219.1
Project("{FAE04EC0-301F-11D3-BF4B-00C04F79EFBC}") = "OutValueDemo", "OutValueDemo.csproj", "{7F485E9B-9311-45EA-8D08-30F4878F838B}"
EndProject
Global
	GlobalSection(SolutionConfigurationPlatforms) = preSolution
		Debug|Any CPU = Debug|Any CPU
		Release|Any CPU = Release|Any CPU
	EndGlobalSection
	GlobalSection(ProjectConfigurationPlatforms) = postSolution
		{7F485E9B-9311-45EA-8D08-30F4878F838B}.Debug|Any CPU.ActiveCfg = Debug|Any CPU
		{7F485E9B-9311-45EA-8D08-30F4878F838B}.Debug|Any CPU.Build.0 = Debug|Any CPU
		{7F485E9B-9311-45EA-8D08-30F4878F838B}.Release|Any CPU.ActiveCfg = Release|Any CPU
		{7F485E9B-9311-45EA-8D08-30F4878F838B}.Release|Any CPU.Build.0 = Release|Any CPU
	EndGlobalSection
	GlobalSection(SolutionProperties) = preSolution
		HideSolutionNode = FALSE
	EndGlobalSection
	GlobalSection(ExtensibilityGlobals) = postSolution
		SolutionGuid = {743A49E7-909E-4C7C-9E73-5BF1BAC9EE0D}
	EndGlobalSection
EndGlobal
