
Microsoft Visual Studio Solution File, Format Version 12.00
# Visual Studio Version 16
VisualStudioVersion = 16.0.32630.194
MinimumVisualStudioVersion = 10.0.40219.1
Project("{FAE04EC0-301F-11D3-BF4B-00C04F79EFBC}") = "Icommunications", "Icommunications.csproj", "{F261D7F3-2FF0-4D4D-BAF0-13CC6A12838B}"
EndProject
Global
	GlobalSection(SolutionConfigurationPlatforms) = preSolution
		Debug|Any CPU = Debug|Any CPU
		Release|Any CPU = Release|Any CPU
	EndGlobalSection
	GlobalSection(ProjectConfigurationPlatforms) = postSolution
		{F261D7F3-2FF0-4D4D-BAF0-13CC6A12838B}.Debug|Any CPU.ActiveCfg = Debug|Any CPU
		{F261D7F3-2FF0-4D4D-BAF0-13CC6A12838B}.Debug|Any CPU.Build.0 = Debug|Any CPU
		{F261D7F3-2FF0-4D4D-BAF0-13CC6A12838B}.Release|Any CPU.ActiveCfg = Release|Any CPU
		{F261D7F3-2FF0-4D4D-BAF0-13CC6A12838B}.Release|Any CPU.Build.0 = Release|Any CPU
	EndGlobalSection
	GlobalSection(SolutionProperties) = preSolution
		HideSolutionNode = FALSE
	EndGlobalSection
	GlobalSection(ExtensibilityGlobals) = postSolution
		SolutionGuid = {1E28EE85-998D-4A6B-AC39-C420BE0B2D5B}
	EndGlobalSection
EndGlobal
