
Microsoft Visual Studio Solution File, Format Version 12.00
# Visual Studio Version 16
VisualStudioVersion = 16.0.32630.194
MinimumVisualStudioVersion = 10.0.40219.1
Project("{FAE04EC0-301F-11D3-BF4B-00C04F79EFBC}") = "Database_Connectivity", "Database_Connectivity.csproj", "{B55467AC-BFB4-4479-861A-7BF2795B04AF}"
EndProject
Global
	GlobalSection(SolutionConfigurationPlatforms) = preSolution
		Debug|Any CPU = Debug|Any CPU
		Release|Any CPU = Release|Any CPU
	EndGlobalSection
	GlobalSection(ProjectConfigurationPlatforms) = postSolution
		{B55467AC-BFB4-4479-861A-7BF2795B04AF}.Debug|Any CPU.ActiveCfg = Debug|Any CPU
		{B55467AC-BFB4-4479-861A-7BF2795B04AF}.Debug|Any CPU.Build.0 = Debug|Any CPU
		{B55467AC-BFB4-4479-861A-7BF2795B04AF}.Release|Any CPU.ActiveCfg = Release|Any CPU
		{B55467AC-BFB4-4479-861A-7BF2795B04AF}.Release|Any CPU.Build.0 = Release|Any CPU
	EndGlobalSection
	GlobalSection(SolutionProperties) = preSolution
		HideSolutionNode = FALSE
	EndGlobalSection
	GlobalSection(ExtensibilityGlobals) = postSolution
		SolutionGuid = {60ACAA59-747C-4730-88C3-B832EF65C9C7}
	EndGlobalSection
EndGlobal
