
Microsoft Visual Studio Solution File, Format Version 12.00
# Visual Studio Version 16
VisualStudioVersion = 16.0.32630.194
MinimumVisualStudioVersion = 10.0.40219.1
Project("{FAE04EC0-301F-11D3-BF4B-00C04F79EFBC}") = "WebApplication1", "WebApplication1.csproj", "{EA954488-F737-44A4-90C8-38C57DB539AB}"
EndProject
Global
	GlobalSection(SolutionConfigurationPlatforms) = preSolution
		Debug|Any CPU = Debug|Any CPU
		Release|Any CPU = Release|Any CPU
	EndGlobalSection
	GlobalSection(ProjectConfigurationPlatforms) = postSolution
		{EA954488-F737-44A4-90C8-38C57DB539AB}.Debug|Any CPU.ActiveCfg = Debug|Any CPU
		{EA954488-F737-44A4-90C8-38C57DB539AB}.Debug|Any CPU.Build.0 = Debug|Any CPU
		{EA954488-F737-44A4-90C8-38C57DB539AB}.Release|Any CPU.ActiveCfg = Release|Any CPU
		{EA954488-F737-44A4-90C8-38C57DB539AB}.Release|Any CPU.Build.0 = Release|Any CPU
	EndGlobalSection
	GlobalSection(SolutionProperties) = preSolution
		HideSolutionNode = FALSE
	EndGlobalSection
	GlobalSection(ExtensibilityGlobals) = postSolution
		SolutionGuid = {AC79C9E3-5C68-4733-B4A7-A78E2590D8BD}
	EndGlobalSection
EndGlobal
