
Microsoft Visual Studio Solution File, Format Version 12.00
# Visual Studio Version 16
VisualStudioVersion = 16.0.32630.194
MinimumVisualStudioVersion = 10.0.40219.1
Project("{FAE04EC0-301F-11D3-BF4B-00C04F79EFBC}") = "MethodSyntax_linqDemo", "MethodSyntax_linqDemo.csproj", "{39316B89-9E26-46EC-9039-4D10DFD9038E}"
EndProject
Global
	GlobalSection(SolutionConfigurationPlatforms) = preSolution
		Debug|Any CPU = Debug|Any CPU
		Release|Any CPU = Release|Any CPU
	EndGlobalSection
	GlobalSection(ProjectConfigurationPlatforms) = postSolution
		{39316B89-9E26-46EC-9039-4D10DFD9038E}.Debug|Any CPU.ActiveCfg = Debug|Any CPU
		{39316B89-9E26-46EC-9039-4D10DFD9038E}.Debug|Any CPU.Build.0 = Debug|Any CPU
		{39316B89-9E26-46EC-9039-4D10DFD9038E}.Release|Any CPU.ActiveCfg = Release|Any CPU
		{39316B89-9E26-46EC-9039-4D10DFD9038E}.Release|Any CPU.Build.0 = Release|Any CPU
	EndGlobalSection
	GlobalSection(SolutionProperties) = preSolution
		HideSolutionNode = FALSE
	EndGlobalSection
	GlobalSection(ExtensibilityGlobals) = postSolution
		SolutionGuid = {9C4E7947-8A3A-4F1D-8406-FE3A28746C7D}
	EndGlobalSection
EndGlobal
