
Microsoft Visual Studio Solution File, Format Version 12.00
# Visual Studio Version 16
VisualStudioVersion = 16.0.32630.194
MinimumVisualStudioVersion = 10.0.40219.1
Project("{FAE04EC0-301F-11D3-BF4B-00C04F79EFBC}") = "ArrayProperties", "ArrayProperties.csproj", "{64F40952-0E8B-43C4-ACF5-0E692A313BBC}"
EndProject
Global
	GlobalSection(SolutionConfigurationPlatforms) = preSolution
		Debug|Any CPU = Debug|Any CPU
		Release|Any CPU = Release|Any CPU
	EndGlobalSection
	GlobalSection(ProjectConfigurationPlatforms) = postSolution
		{64F40952-0E8B-43C4-ACF5-0E692A313BBC}.Debug|Any CPU.ActiveCfg = Debug|Any CPU
		{64F40952-0E8B-43C4-ACF5-0E692A313BBC}.Debug|Any CPU.Build.0 = Debug|Any CPU
		{64F40952-0E8B-43C4-ACF5-0E692A313BBC}.Release|Any CPU.ActiveCfg = Release|Any CPU
		{64F40952-0E8B-43C4-ACF5-0E692A313BBC}.Release|Any CPU.Build.0 = Release|Any CPU
	EndGlobalSection
	GlobalSection(SolutionProperties) = preSolution
		HideSolutionNode = FALSE
	EndGlobalSection
	GlobalSection(ExtensibilityGlobals) = postSolution
		SolutionGuid = {9A483057-6CF8-4A25-87B8-82CBF2B597F7}
	EndGlobalSection
EndGlobal
