
Microsoft Visual Studio Solution File, Format Version 12.00
# Visual Studio Version 16
VisualStudioVersion = 16.0.32630.194
MinimumVisualStudioVersion = 10.0.40219.1
Project("{FAE04EC0-301F-11D3-BF4B-00C04F79EFBC}") = "LinqPractice1", "LinqPractice1.csproj", "{21F23B72-5D6B-4AA6-95D3-766836AACD67}"
EndProject
Global
	GlobalSection(SolutionConfigurationPlatforms) = preSolution
		Debug|Any CPU = Debug|Any CPU
		Release|Any CPU = Release|Any CPU
	EndGlobalSection
	GlobalSection(ProjectConfigurationPlatforms) = postSolution
		{21F23B72-5D6B-4AA6-95D3-766836AACD67}.Debug|Any CPU.ActiveCfg = Debug|Any CPU
		{21F23B72-5D6B-4AA6-95D3-766836AACD67}.Debug|Any CPU.Build.0 = Debug|Any CPU
		{21F23B72-5D6B-4AA6-95D3-766836AACD67}.Release|Any CPU.ActiveCfg = Release|Any CPU
		{21F23B72-5D6B-4AA6-95D3-766836AACD67}.Release|Any CPU.Build.0 = Release|Any CPU
	EndGlobalSection
	GlobalSection(SolutionProperties) = preSolution
		HideSolutionNode = FALSE
	EndGlobalSection
	GlobalSection(ExtensibilityGlobals) = postSolution
		SolutionGuid = {6AE1C03F-F321-4229-944F-03766EEB6295}
	EndGlobalSection
EndGlobal
